
Microsoft Visual Studio Solution File, Format Version 12.00
# Visual Studio Version 17
VisualStudioVersion = 17.4.33122.133
MinimumVisualStudioVersion = 10.0.40219.1
Project("{FAE04EC0-301F-11D3-BF4B-00C04F79EFBC}") = "CarShop", "CarShop.csproj", "{0D89546F-4595-46EB-808F-2545D5428EFD}"
EndProject
Global
	GlobalSection(SolutionConfigurationPlatforms) = preSolution
		Debug|Any CPU = Debug|Any CPU
		Release|Any CPU = Release|Any CPU
	EndGlobalSection
	GlobalSection(ProjectConfigurationPlatforms) = postSolution
		{0D89546F-4595-46EB-808F-2545D5428EFD}.Debug|Any CPU.ActiveCfg = Debug|Any CPU
		{0D89546F-4595-46EB-808F-2545D5428EFD}.Debug|Any CPU.Build.0 = Debug|Any CPU
		{0D89546F-4595-46EB-808F-2545D5428EFD}.Release|Any CPU.ActiveCfg = Release|Any CPU
		{0D89546F-4595-46EB-808F-2545D5428EFD}.Release|Any CPU.Build.0 = Release|Any CPU
	EndGlobalSection
	GlobalSection(SolutionProperties) = preSolution
		HideSolutionNode = FALSE
	EndGlobalSection
	GlobalSection(ExtensibilityGlobals) = postSolution
		SolutionGuid = {DD4DC60C-4043-4890-9D45-DE3736F4E54A}
	EndGlobalSection
EndGlobal
